PODS:
  - Alamofire (4.2.0)
  - AWSCore (2.4.16)
  - AWSSNS (2.4.16):
    - AWSCore (= 2.4.16)
  - Crashlytics (3.8.3):
    - Fabric (~> 1.6.3)
  - Fabric (1.6.11)
  - Flurry-iOS-SDK/FlurrySDK (7.8.2)
  - Ji (2.0.1):
    - Ji/Ji (= 2.0.1)
  - Ji/Ji (2.0.1):
    - Ji/Ji-libxml
  - Ji/Ji-libxml (2.0.1)
  - Realm (2.1.1):
    - Realm/Headers (= 2.1.1)
  - Realm/Headers (2.1.1)
  - RealmSwift (2.1.1):
    - Realm (= 2.1.1)
  - SwiftyStoreKit (0.6.1)

DEPENDENCIES:
  - Alamofire
  - AWSSNS
  - Crashlytics
  - Fabric
  - Flurry-iOS-SDK/FlurrySDK
  - Ji
  - RealmSwift
  - SwiftyStoreKit

SPEC CHECKSUMS:
  Alamofire: aa2e09d871c9160ac53c90e83c68064a94e3dfbe
  AWSCore: 7c3c129991e6387bcbad7132bc3661e7135754db
  AWSSNS: f7eb9a5c19410e2a0164febc2cd665831c1cd26c
  Crashlytics: 2b6dbe138a42395577cfa73dfa1aa7248cadf39e
  Fabric: 5911403591946b8228ab1c51d98f1d7137e863c6
  Flurry-iOS-SDK: 8ed76252016d0162a893363c108a010ab97d424c
  Ji: 6bb602a28dd08b804158f64990e6051ed5de0110
  Realm: a55959c0b171a5fe5267406d17f314fec3cefaae
  RealmSwift: 749fd955bf8d6471c21d218b9389a47aaeccfe3f
  SwiftyStoreKit: 956408606f43ec3df3386b56e65615bb19bee85e

PODFILE CHECKSUM: 6aa4fe425a4b46925eca3e76c9e17bb496109d10

COCOAPODS: 1.1.1
