PODS:
  - Alamofire (4.7.3)
  - AWSCore (2.6.32)
  - AWSSNS (2.6.32):
    - AWSCore (= 2.6.32)
  - Crashlytics (3.10.9):
    - Fabric (~> 1.7.13)
  - Fabric (1.7.13)
  - Flurry-iOS-SDK/FlurrySDK (9.2.1)
  - Ji (2.1.0):
    - Ji/Ji (= 2.1.0)
  - Ji/Ji (2.1.0):
    - Ji/Ji-libxml
  - Ji/Ji-libxml (2.1.0)
  - Realm (3.11.1):
    - Realm/Headers (= 3.11.1)
  - Realm/Headers (3.11.1)
  - RealmSwift (3.11.1):
    - Realm (= 3.11.1)
  - SwiftLint (0.27.0)
  - SwiftyStoreKit (0.13.3)

DEPENDENCIES:
  - Alamofire
  - AWSSNS
  - Crashlytics
  - Fabric
  - Flurry-iOS-SDK/FlurrySDK
  - Ji
  - RealmSwift
  - SwiftLint
  - SwiftyStoreKit

SPEC REPOS:
  https://github.com/cocoapods/specs.git:
    - Alamofire
    - AWSCore
    - AWSSNS
    - Crashlytics
    - Fabric
    - Flurry-iOS-SDK
    - Ji
    - Realm
    - RealmSwift
    - SwiftLint
    - SwiftyStoreKit

SPEC CHECKSUMS:
  Alamofire: c7287b6e5d7da964a70935e5db17046b7fde6568
  AWSCore: bfb49938a3a4eb190bc68edf1fa9e90969de8fa2
  AWSSNS: f576a8861a6db426339726442bab043a8e7dd441
  Crashlytics: 55e24fc23989680285a21cb1146578d9d18e432c
  Fabric: 25d0963b691fc97be566392243ff0ecef5a68338
  Flurry-iOS-SDK: 263ba205f67b47f96fb2e64cdb56f51d58b65c4e
  Ji: 21946da4e13425485ddd424edfaeeced0d80ad28
  Realm: 037c5919b9ceb59d6beed5d3b031096856b119b3
  RealmSwift: c9580133e73ef40ed340401af2dbc9a5790dfea7
  SwiftLint: 3207c1faa2240bf8973b191820a116113cd11073
  SwiftyStoreKit: 9ebd15971e28aa2989825fe8bc092eb5f75dd0b2

PODFILE CHECKSUM: 276c46f448a28051c6385cf07e882b34920fa16c

COCOAPODS: 1.5.3
