PODS:
  - Alamofire (4.0.1)
  - AWSCore (2.4.9)
  - AWSSNS (2.4.9):
    - AWSCore (= 2.4.9)
  - Flurry-iOS-SDK/FlurrySDK (7.6.6)
  - Ji (2.0.0):
    - Ji/Ji (= 2.0.0)
  - Ji/Ji (2.0.0):
    - Ji/Ji-libxml
  - Ji/Ji-libxml (2.0.0)
  - Realm (2.0.1):
    - Realm/Headers (= 2.0.1)
  - Realm/Headers (2.0.1)
  - RealmSwift (2.0.1):
    - Realm (= 2.0.1)
  - SwiftyStoreKit (0.5.1)

DEPENDENCIES:
  - Alamofire
  - AWSSNS
  - Flurry-iOS-SDK/FlurrySDK
  - Ji
  - RealmSwift
  - SwiftyStoreKit

SPEC CHECKSUMS:
  Alamofire: 7682d43245de14874acd142ec137b144aa1dd335
  AWSCore: 175208358b95492e0ebe0337df2ab415300bddac
  AWSSNS: 85513f30d76556ff43bc0772e65f1a74008a488f
  Flurry-iOS-SDK: 97bbeec09cca666c2f1772f6e161c4f8ccff611e
  Ji: 79e11b5256ee809f9f7e51dc7de2059e35adf7a6
  Realm: 0557ee0e4ab4f0936c90e370056d1ed6265f93d6
  RealmSwift: 64e00af79bdcd7d2a7a23fdc1cb3faf22b80ae4c
  SwiftyStoreKit: 53c63f91545a3778dc108f860a7414905ce40a63

PODFILE CHECKSUM: b8baf3d5695def6fa63e61a277540423f353dafb

COCOAPODS: 1.0.1
