// !$*UTF8*$!
{
	archiveVersion = 1;
	classes = {
	};
	objectVersion = 48;
	objects = {

/* Begin PBXBuildFile section */
		28286D041BFE37D80027A814 /* Diff.swift in Sources */ = {isa = PBXBuildFile; fileRef = 28286D031BFE37D80027A814 /* Diff.swift */; };
		28469A4C1F65774000375076 /* WebCheckerTests.swift in Sources */ = {isa = PBXBuildFile; fileRef = 28469A4B1F65774000375076 /* WebCheckerTests.swift */; };
		28469A561F65864D00375076 /* UrlHelperTests.swift in Sources */ = {isa = PBXBuildFile; fileRef = 28469A551F65864D00375076 /* UrlHelperTests.swift */; };
		285663611BFB8987003B147D /* Migration.swift in Sources */ = {isa = PBXBuildFile; fileRef = 285663601BFB8987003B147D /* Migration.swift */; };
		2858C7461BB6CC89005D7543 /* StoreKit.framework in Frameworks */ = {isa = PBXBuildFile; fileRef = 2858C7451BB6CC89005D7543 /* StoreKit.framework */; };
		2858C7491BB7A856005D7543 /* Realm.framework in Frameworks */ = {isa = PBXBuildFile; fileRef = 2858C7471BB7A856005D7543 /* Realm.framework */; };
		2858C74A1BB7A856005D7543 /* RealmSwift.framework in Frameworks */ = {isa = PBXBuildFile; fileRef = 2858C7481BB7A856005D7543 /* RealmSwift.framework */; };
		2858C74C1BB83B1B005D7543 /* SecretKey.swift in Sources */ = {isa = PBXBuildFile; fileRef = 2858C74B1BB83B1B005D7543 /* SecretKey.swift */; };
		285B1BA11BBD3D4900BA3540 /* API.swift in Sources */ = {isa = PBXBuildFile; fileRef = 285B1BA01BBD3D4900BA3540 /* API.swift */; };
		286503141BAB001900BB041D /* Main.storyboard in Resources */ = {isa = PBXBuildFile; fileRef = 286503121BAB001900BB041D /* Main.storyboard */; };
		286503161BAB001900BB041D /* Assets.xcassets in Resources */ = {isa = PBXBuildFile; fileRef = 286503151BAB001900BB041D /* Assets.xcassets */; };
		286503191BAB001900BB041D /* LaunchScreen.storyboard in Resources */ = {isa = PBXBuildFile; fileRef = 286503171BAB001900BB041D /* LaunchScreen.storyboard */; };
		2865033D1BAB019200BB041D /* URLsTableViewController.swift in Sources */ = {isa = PBXBuildFile; fileRef = 2865033C1BAB019200BB041D /* URLsTableViewController.swift */; };
		2865033F1BAB06A600BB041D /* URLAddTableViewController.swift in Sources */ = {isa = PBXBuildFile; fileRef = 2865033E1BAB06A600BB041D /* URLAddTableViewController.swift */; };
		286A42E31BC0C77E0065E647 /* Localizable.strings in Resources */ = {isa = PBXBuildFile; fileRef = 286A42E51BC0C77E0065E647 /* Localizable.strings */; };
		28738ECB1BAFDFE60083D95F /* UrlHelper.swift in Sources */ = {isa = PBXBuildFile; fileRef = 28738ECA1BAFDFE60083D95F /* UrlHelper.swift */; };
		28738ECD1BB050330083D95F /* Alamofire.framework in Frameworks */ = {isa = PBXBuildFile; fileRef = 28738ECC1BB050330083D95F /* Alamofire.framework */; };
		28738ED21BB06D4E0083D95F /* Ji.framework in Frameworks */ = {isa = PBXBuildFile; fileRef = 28738ED11BB06D4E0083D95F /* Ji.framework */; };
		28738ED41BB1C6B60083D95F /* PageViewController.swift in Sources */ = {isa = PBXBuildFile; fileRef = 28738ED31BB1C6B60083D95F /* PageViewController.swift */; };
		28738EDB1BB2612D0083D95F /* AudioToolbox.framework in Frameworks */ = {isa = PBXBuildFile; fileRef = 28738EDA1BB2612D0083D95F /* AudioToolbox.framework */; };
		28738EDD1BB2613A0083D95F /* CFNetwork.framework in Frameworks */ = {isa = PBXBuildFile; fileRef = 28738EDC1BB2613A0083D95F /* CFNetwork.framework */; };
		28738EDF1BB261450083D95F /* CoreGraphics.framework in Frameworks */ = {isa = PBXBuildFile; fileRef = 28738EDE1BB261450083D95F /* CoreGraphics.framework */; };
		28738EE11BB261500083D95F /* CoreLocation.framework in Frameworks */ = {isa = PBXBuildFile; fileRef = 28738EE01BB261500083D95F /* CoreLocation.framework */; };
		28738EE31BB2615A0083D95F /* QuartzCore.framework in Frameworks */ = {isa = PBXBuildFile; fileRef = 28738EE21BB2615A0083D95F /* QuartzCore.framework */; };
		28738EE51BB261650083D95F /* Security.framework in Frameworks */ = {isa = PBXBuildFile; fileRef = 28738EE41BB261650083D95F /* Security.framework */; };
		28738EE91BB2617A0083D95F /* SystemConfiguration.framework in Frameworks */ = {isa = PBXBuildFile; fileRef = 28738EE81BB2617A0083D95F /* SystemConfiguration.framework */; };
		2875B94C1BAE7EC20020A4C5 /* Page.swift in Sources */ = {isa = PBXBuildFile; fileRef = 2875B94B1BAE7EC20020A4C5 /* Page.swift */; };
		288E8C291BBEDDD00075DB56 /* Product.swift in Sources */ = {isa = PBXBuildFile; fileRef = 288E8C281BBEDDD00075DB56 /* Product.swift */; };
		288E8C2B1BBEE9A90075DB56 /* Parse.swift in Sources */ = {isa = PBXBuildFile; fileRef = 288E8C2A1BBEE9A90075DB56 /* Parse.swift */; };
		288FDBCB1BE10842003BAA2C /* Notifaction.swift in Sources */ = {isa = PBXBuildFile; fileRef = 288FDBCA1BE10842003BAA2C /* Notifaction.swift */; };
		28A64FD11BBC4E9A0007DF95 /* DBHelper.swift in Sources */ = {isa = PBXBuildFile; fileRef = 28A64FD01BBC4E9A0007DF95 /* DBHelper.swift */; };
		28B480E31BB2D618006B257A /* User.swift in Sources */ = {isa = PBXBuildFile; fileRef = 28B480E21BB2D618006B257A /* User.swift */; };
		28B5F1031D4AF01500D36913 /* SKProductExtension.swift in Sources */ = {isa = PBXBuildFile; fileRef = 28B5F1021D4AF01500D36913 /* SKProductExtension.swift */; };
		28B8C1B61C01BE2E000525FD /* DiffTableViewController.swift in Sources */ = {isa = PBXBuildFile; fileRef = 28B8C1B51C01BE2E000525FD /* DiffTableViewController.swift */; };
		28DC6A881E0434CF00BB5826 /* AppDelegate.swift in Sources */ = {isa = PBXBuildFile; fileRef = 2865030E1BAB001900BB041D /* AppDelegate.swift */; };
		97B76A600D7C63165D22E922 /* Pods_WebCheckerTests.framework in Frameworks */ = {isa = PBXBuildFile; fileRef = 6AE5496B75FD0FAC4D75463C /* Pods_WebCheckerTests.framework */; };
		EFBF6C0BA520399869043986 /* Pods_WebChecker_WebCheckerTests.framework in Frameworks */ = {isa = PBXBuildFile; fileRef = FADC0E8278A4C404B0F9B98B /* Pods_WebChecker_WebCheckerTests.framework */; };
		FB62C45858E46CE2863088D6 /* Pods_WebChecker.framework in Frameworks */ = {isa = PBXBuildFile; fileRef = 047A8E8DCA0BF2C04803D811 /* Pods_WebChecker.framework */; };
/* End PBXBuildFile section */

/* Begin PBXContainerItemProxy section */
		28469A4E1F65774000375076 /* PBXContainerItemProxy */ = {
			isa = PBXContainerItemProxy;
			containerPortal = 286503031BAB001900BB041D /* Project object */;
			proxyType = 1;
			remoteGlobalIDString = 2865030A1BAB001900BB041D;
			remoteInfo = WebChecker;
		};
/* End PBXContainerItemProxy section */

/* Begin PBXFileReference section */
		047A8E8DCA0BF2C04803D811 /* Pods_WebChecker.framework */ = {isa = PBXFileReference; explicitFileType = wrapper.framework; includeInIndex = 0; path = Pods_WebChecker.framework; sourceTree = BUILT_PRODUCTS_DIR; };
		186920EBBCC916000BE391AC /* Pods_WebNotificationsIOSTests.framework */ = {isa = PBXFileReference; explicitFileType = wrapper.framework; includeInIndex = 0; path = Pods_WebNotificationsIOSTests.framework; sourceTree = BUILT_PRODUCTS_DIR; };
		28286D031BFE37D80027A814 /* Diff.swift */ = {isa = PBXFileReference; fileEncoding = 4; lastKnownFileType = sourcecode.swift; path = Diff.swift; sourceTree = "<group>"; };
		28469A491F65773F00375076 /* WebCheckerTests.xctest */ = {isa = PBXFileReference; explicitFileType = wrapper.cfbundle; includeInIndex = 0; path = WebCheckerTests.xctest; sourceTree = BUILT_PRODUCTS_DIR; };
		28469A4B1F65774000375076 /* WebCheckerTests.swift */ = {isa = PBXFileReference; lastKnownFileType = sourcecode.swift; path = WebCheckerTests.swift; sourceTree = "<group>"; };
		28469A4D1F65774000375076 /* Info.plist */ = {isa = PBXFileReference; lastKnownFileType = text.plist.xml; path = Info.plist; sourceTree = "<group>"; };
		28469A551F65864D00375076 /* UrlHelperTests.swift */ = {isa = PBXFileReference; fileEncoding = 4; lastKnownFileType = sourcecode.swift; path = UrlHelperTests.swift; sourceTree = "<group>"; };
		285663601BFB8987003B147D /* Migration.swift */ = {isa = PBXFileReference; fileEncoding = 4; lastKnownFileType = sourcecode.swift; path = Migration.swift; sourceTree = "<group>"; };
		2858C7451BB6CC89005D7543 /* StoreKit.framework */ = {isa = PBXFileReference; lastKnownFileType = wrapper.framework; name = StoreKit.framework; path = System/Library/Frameworks/StoreKit.framework; sourceTree = SDKROOT; };
		2858C7471BB7A856005D7543 /* Realm.framework */ = {isa = PBXFileReference; lastKnownFileType = wrapper.framework; name = Realm.framework; path = Carthage/Build/iOS/Realm.framework; sourceTree = "<group>"; };
		2858C7481BB7A856005D7543 /* RealmSwift.framework */ = {isa = PBXFileReference; lastKnownFileType = wrapper.framework; name = RealmSwift.framework; path = Carthage/Build/iOS/RealmSwift.framework; sourceTree = "<group>"; };
		2858C74B1BB83B1B005D7543 /* SecretKey.swift */ = {isa = PBXFileReference; fileEncoding = 4; lastKnownFileType = sourcecode.swift; path = SecretKey.swift; sourceTree = "<group>"; };
		285ABDE01DA148BD0087BBD3 /* WebChecker.entitlements */ = {isa = PBXFileReference; lastKnownFileType = text.plist.entitlements; path = WebChecker.entitlements; sourceTree = "<group>"; };
		285B1BA01BBD3D4900BA3540 /* API.swift */ = {isa = PBXFileReference; fileEncoding = 4; lastKnownFileType = sourcecode.swift; path = API.swift; sourceTree = "<group>"; };
		2865030B1BAB001900BB041D /* WebChecker.app */ = {isa = PBXFileReference; explicitFileType = wrapper.application; includeInIndex = 0; path = WebChecker.app; sourceTree = BUILT_PRODUCTS_DIR; };
		2865030E1BAB001900BB041D /* AppDelegate.swift */ = {isa = PBXFileReference; lastKnownFileType = sourcecode.swift; path = AppDelegate.swift; sourceTree = "<group>"; };
		286503131BAB001900BB041D /* Base */ = {isa = PBXFileReference; lastKnownFileType = file.storyboard; name = Base; path = Base.lproj/Main.storyboard; sourceTree = "<group>"; };
		286503151BAB001900BB041D /* Assets.xcassets */ = {isa = PBXFileReference; lastKnownFileType = folder.assetcatalog; path = Assets.xcassets; sourceTree = "<group>"; };
		286503181BAB001900BB041D /* Base */ = {isa = PBXFileReference; lastKnownFileType = file.storyboard; name = Base; path = Base.lproj/LaunchScreen.storyboard; sourceTree = "<group>"; };
		2865031A1BAB001900BB041D /* Info.plist */ = {isa = PBXFileReference; lastKnownFileType = text.plist.xml; path = Info.plist; sourceTree = "<group>"; };
		2865033C1BAB019200BB041D /* URLsTableViewController.swift */ = {isa = PBXFileReference; fileEncoding = 4; lastKnownFileType = sourcecode.swift; path = URLsTableViewController.swift; sourceTree = "<group>"; };
		2865033E1BAB06A600BB041D /* URLAddTableViewController.swift */ = {isa = PBXFileReference; fileEncoding = 4; lastKnownFileType = sourcecode.swift; path = URLAddTableViewController.swift; sourceTree = "<group>"; };
		286A42E41BC0C77E0065E647 /* ja */ = {isa = PBXFileReference; lastKnownFileType = text.plist.strings; name = ja; path = ja.lproj/Localizable.strings; sourceTree = "<group>"; };
		286A42E71BC0C7AD0065E647 /* en */ = {isa = PBXFileReference; lastKnownFileType = text.plist.strings; name = en; path = en.lproj/Localizable.strings; sourceTree = "<group>"; };
		28738ECA1BAFDFE60083D95F /* UrlHelper.swift */ = {isa = PBXFileReference; fileEncoding = 4; lastKnownFileType = sourcecode.swift; path = UrlHelper.swift; sourceTree = "<group>"; };
		28738ECC1BB050330083D95F /* Alamofire.framework */ = {isa = PBXFileReference; lastKnownFileType = wrapper.framework; name = Alamofire.framework; path = Carthage/Build/iOS/Alamofire.framework; sourceTree = "<group>"; };
		28738ED11BB06D4E0083D95F /* Ji.framework */ = {isa = PBXFileReference; lastKnownFileType = wrapper.framework; name = Ji.framework; path = Carthage/Build/iOS/Ji.framework; sourceTree = "<group>"; };
		28738ED31BB1C6B60083D95F /* PageViewController.swift */ = {isa = PBXFileReference; fileEncoding = 4; lastKnownFileType = sourcecode.swift; path = PageViewController.swift; sourceTree = "<group>"; };
		28738ED61BB260C60083D95F /* Bolts.framework */ = {isa = PBXFileReference; lastKnownFileType = wrapper.framework; path = Bolts.framework; sourceTree = "<group>"; };
		28738ED81BB260CE0083D95F /* Parse.framework */ = {isa = PBXFileReference; lastKnownFileType = wrapper.framework; path = Parse.framework; sourceTree = "<group>"; };
		28738EDA1BB2612D0083D95F /* AudioToolbox.framework */ = {isa = PBXFileReference; lastKnownFileType = wrapper.framework; name = AudioToolbox.framework; path = System/Library/Frameworks/AudioToolbox.framework; sourceTree = SDKROOT; };
		28738EDC1BB2613A0083D95F /* CFNetwork.framework */ = {isa = PBXFileReference; lastKnownFileType = wrapper.framework; name = CFNetwork.framework; path = System/Library/Frameworks/CFNetwork.framework; sourceTree = SDKROOT; };
		28738EDE1BB261450083D95F /* CoreGraphics.framework */ = {isa = PBXFileReference; lastKnownFileType = wrapper.framework; name = CoreGraphics.framework; path = System/Library/Frameworks/CoreGraphics.framework; sourceTree = SDKROOT; };
		28738EE01BB261500083D95F /* CoreLocation.framework */ = {isa = PBXFileReference; lastKnownFileType = wrapper.framework; name = CoreLocation.framework; path = System/Library/Frameworks/CoreLocation.framework; sourceTree = SDKROOT; };
		28738EE21BB2615A0083D95F /* QuartzCore.framework */ = {isa = PBXFileReference; lastKnownFileType = wrapper.framework; name = QuartzCore.framework; path = System/Library/Frameworks/QuartzCore.framework; sourceTree = SDKROOT; };
		28738EE41BB261650083D95F /* Security.framework */ = {isa = PBXFileReference; lastKnownFileType = wrapper.framework; name = Security.framework; path = System/Library/Frameworks/Security.framework; sourceTree = SDKROOT; };
		28738EE81BB2617A0083D95F /* SystemConfiguration.framework */ = {isa = PBXFileReference; lastKnownFileType = wrapper.framework; name = SystemConfiguration.framework; path = System/Library/Frameworks/SystemConfiguration.framework; sourceTree = SDKROOT; };
		28738EEA1BB2619B0083D95F /* libz.tbd */ = {isa = PBXFileReference; lastKnownFileType = "sourcecode.text-based-dylib-definition"; name = libz.tbd; path = usr/lib/libz.tbd; sourceTree = SDKROOT; };
		28738EEC1BB261AF0083D95F /* libsqlite3.tbd */ = {isa = PBXFileReference; lastKnownFileType = "sourcecode.text-based-dylib-definition"; name = libsqlite3.tbd; path = usr/lib/libsqlite3.tbd; sourceTree = SDKROOT; };
		2874FD53148B3A40663E2467 /* Pods-WebChecker-WebCheckerTests.debug.xcconfig */ = {isa = PBXFileReference; includeInIndex = 1; lastKnownFileType = text.xcconfig; name = "Pods-WebChecker-WebCheckerTests.debug.xcconfig"; path = "Pods/Target Support Files/Pods-WebChecker-WebCheckerTests/Pods-WebChecker-WebCheckerTests.debug.xcconfig"; sourceTree = "<group>"; };
		2875B94B1BAE7EC20020A4C5 /* Page.swift */ = {isa = PBXFileReference; fileEncoding = 4; lastKnownFileType = sourcecode.swift; name = Page.swift; path = Models/Page.swift; sourceTree = "<group>"; };
		288E8C281BBEDDD00075DB56 /* Product.swift */ = {isa = PBXFileReference; fileEncoding = 4; lastKnownFileType = sourcecode.swift; path = Product.swift; sourceTree = "<group>"; };
		288E8C2A1BBEE9A90075DB56 /* Parse.swift */ = {isa = PBXFileReference; fileEncoding = 4; lastKnownFileType = sourcecode.swift; path = Parse.swift; sourceTree = "<group>"; };
		288FDBCA1BE10842003BAA2C /* Notifaction.swift */ = {isa = PBXFileReference; fileEncoding = 4; lastKnownFileType = sourcecode.swift; path = Notifaction.swift; sourceTree = "<group>"; };
		28A64FD01BBC4E9A0007DF95 /* DBHelper.swift */ = {isa = PBXFileReference; fileEncoding = 4; lastKnownFileType = sourcecode.swift; path = DBHelper.swift; sourceTree = "<group>"; };
		28B480E21BB2D618006B257A /* User.swift */ = {isa = PBXFileReference; fileEncoding = 4; lastKnownFileType = sourcecode.swift; name = User.swift; path = Models/User.swift; sourceTree = "<group>"; };
		28B5F1021D4AF01500D36913 /* SKProductExtension.swift */ = {isa = PBXFileReference; fileEncoding = 4; lastKnownFileType = sourcecode.swift; path = SKProductExtension.swift; sourceTree = "<group>"; };
		28B8C1B51C01BE2E000525FD /* DiffTableViewController.swift */ = {isa = PBXFileReference; fileEncoding = 4; lastKnownFileType = sourcecode.swift; path = DiffTableViewController.swift; sourceTree = "<group>"; };
		28B8C1BC1C01F8AD000525FD /* en */ = {isa = PBXFileReference; lastKnownFileType = text.plist.strings; name = en; path = en.lproj/Main.strings; sourceTree = "<group>"; };
		28B8C1BE1C01F8B0000525FD /* ja */ = {isa = PBXFileReference; lastKnownFileType = text.plist.strings; name = ja; path = ja.lproj/Main.strings; sourceTree = "<group>"; };
		28ED127B1BB982730046F6BF /* ja */ = {isa = PBXFileReference; lastKnownFileType = text.plist.strings; name = ja; path = ja.lproj/LaunchScreen.strings; sourceTree = "<group>"; };
		3717335747C6921CEC56DD02 /* Pods-WebChecker.release.xcconfig */ = {isa = PBXFileReference; includeInIndex = 1; lastKnownFileType = text.xcconfig; name = "Pods-WebChecker.release.xcconfig"; path = "Pods/Target Support Files/Pods-WebChecker/Pods-WebChecker.release.xcconfig"; sourceTree = "<group>"; };
		46791CEDD5D7EAC5CE7A9AEB /* Pods_WebChecker_WebNotificationsIOSUITests.framework */ = {isa = PBXFileReference; explicitFileType = wrapper.framework; includeInIndex = 0; path = Pods_WebChecker_WebNotificationsIOSUITests.framework; sourceTree = BUILT_PRODUCTS_DIR; };
		5D00D2B45F793BD129D5DB83 /* Pods-WebCheckerTests.release.xcconfig */ = {isa = PBXFileReference; includeInIndex = 1; lastKnownFileType = text.xcconfig; name = "Pods-WebCheckerTests.release.xcconfig"; path = "Pods/Target Support Files/Pods-WebCheckerTests/Pods-WebCheckerTests.release.xcconfig"; sourceTree = "<group>"; };
		62F87E711F643F398808F564 /* Pods_WebNotificationsIOSUITests.framework */ = {isa = PBXFileReference; explicitFileType = wrapper.framework; includeInIndex = 0; path = Pods_WebNotificationsIOSUITests.framework; sourceTree = BUILT_PRODUCTS_DIR; };
		6AE5496B75FD0FAC4D75463C /* Pods_WebCheckerTests.framework */ = {isa = PBXFileReference; explicitFileType = wrapper.framework; includeInIndex = 0; path = Pods_WebCheckerTests.framework; sourceTree = BUILT_PRODUCTS_DIR; };
		82B2778CF404A9EC010D6700 /* Pods-WebChecker-WebCheckerTests.release.xcconfig */ = {isa = PBXFileReference; includeInIndex = 1; lastKnownFileType = text.xcconfig; name = "Pods-WebChecker-WebCheckerTests.release.xcconfig"; path = "Pods/Target Support Files/Pods-WebChecker-WebCheckerTests/Pods-WebChecker-WebCheckerTests.release.xcconfig"; sourceTree = "<group>"; };
		B1BA96876C326A5B7A2549F4 /* Pods-WebChecker.debug.xcconfig */ = {isa = PBXFileReference; includeInIndex = 1; lastKnownFileType = text.xcconfig; name = "Pods-WebChecker.debug.xcconfig"; path = "Pods/Target Support Files/Pods-WebChecker/Pods-WebChecker.debug.xcconfig"; sourceTree = "<group>"; };
		BD21AEEFEE79DF1594088BAD /* Pods-WebCheckerTests.debug.xcconfig */ = {isa = PBXFileReference; includeInIndex = 1; lastKnownFileType = text.xcconfig; name = "Pods-WebCheckerTests.debug.xcconfig"; path = "Pods/Target Support Files/Pods-WebCheckerTests/Pods-WebCheckerTests.debug.xcconfig"; sourceTree = "<group>"; };
		C6753F4CEAECB84AF309E4FF /* Pods_WebChecker_WebCheckerUITests.framework */ = {isa = PBXFileReference; explicitFileType = wrapper.framework; includeInIndex = 0; path = Pods_WebChecker_WebCheckerUITests.framework; sourceTree = BUILT_PRODUCTS_DIR; };
		F64AFE6B2BB5A3BABEAA9302 /* Pods_WebChecker_WebNotificationsIOSTests.framework */ = {isa = PBXFileReference; explicitFileType = wrapper.framework; includeInIndex = 0; path = Pods_WebChecker_WebNotificationsIOSTests.framework; sourceTree = BUILT_PRODUCTS_DIR; };
		FADC0E8278A4C404B0F9B98B /* Pods_WebChecker_WebCheckerTests.framework */ = {isa = PBXFileReference; explicitFileType = wrapper.framework; includeInIndex = 0; path = Pods_WebChecker_WebCheckerTests.framework; sourceTree = BUILT_PRODUCTS_DIR; };
/* End PBXFileReference section */

/* Begin PBXFrameworksBuildPhase section */
		28469A461F65773F00375076 /* Frameworks */ = {
			isa = PBXFrameworksBuildPhase;
			buildActionMask = 2147483647;
			files = (
				EFBF6C0BA520399869043986 /* Pods_WebChecker_WebCheckerTests.framework in Frameworks */,
				97B76A600D7C63165D22E922 /* Pods_WebCheckerTests.framework in Frameworks */,
			);
			runOnlyForDeploymentPostprocessing = 0;
		};
		286503081BAB001900BB041D /* Frameworks */ = {
			isa = PBXFrameworksBuildPhase;
			buildActionMask = 2147483647;
			files = (
				2858C7491BB7A856005D7543 /* Realm.framework in Frameworks */,
				2858C74A1BB7A856005D7543 /* RealmSwift.framework in Frameworks */,
				28738EE91BB2617A0083D95F /* SystemConfiguration.framework in Frameworks */,
				2858C7461BB6CC89005D7543 /* StoreKit.framework in Frameworks */,
				28738EE51BB261650083D95F /* Security.framework in Frameworks */,
				28738EE31BB2615A0083D95F /* QuartzCore.framework in Frameworks */,
				28738EE11BB261500083D95F /* CoreLocation.framework in Frameworks */,
				28738EDF1BB261450083D95F /* CoreGraphics.framework in Frameworks */,
				28738EDD1BB2613A0083D95F /* CFNetwork.framework in Frameworks */,
				28738EDB1BB2612D0083D95F /* AudioToolbox.framework in Frameworks */,
				28738ECD1BB050330083D95F /* Alamofire.framework in Frameworks */,
				28738ED21BB06D4E0083D95F /* Ji.framework in Frameworks */,
				FB62C45858E46CE2863088D6 /* Pods_WebChecker.framework in Frameworks */,
			);
			runOnlyForDeploymentPostprocessing = 0;
		};
/* End PBXFrameworksBuildPhase section */

/* Begin PBXGroup section */
		28469A4A1F65774000375076 /* WebCheckerTests */ = {
			isa = PBXGroup;
			children = (
				28469A4B1F65774000375076 /* WebCheckerTests.swift */,
				28469A4D1F65774000375076 /* Info.plist */,
				28469A551F65864D00375076 /* UrlHelperTests.swift */,
			);
			path = WebCheckerTests;
			sourceTree = "<group>";
		};
		286503021BAB001900BB041D = {
			isa = PBXGroup;
			children = (
				285ABDE01DA148BD0087BBD3 /* WebChecker.entitlements */,
				28469A4A1F65774000375076 /* WebCheckerTests */,
				28738ED51BB260610083D95F /* Frameworks */,
				2865030D1BAB001900BB041D /* WebNotificationsIOS */,
				2865030C1BAB001900BB041D /* Products */,
				D8C29B154EAFABDA733EB5F2 /* Pods */,
			);
			sourceTree = "<group>";
		};
		2865030C1BAB001900BB041D /* Products */ = {
			isa = PBXGroup;
			children = (
				2865030B1BAB001900BB041D /* WebChecker.app */,
				28469A491F65773F00375076 /* WebCheckerTests.xctest */,
			);
			name = Products;
			sourceTree = "<group>";
		};
		2865030D1BAB001900BB041D /* WebNotificationsIOS */ = {
			isa = PBXGroup;
			children = (
				28738EC91BAFDFBC0083D95F /* Utils */,
				2875B94D1BAE820C0020A4C5 /* Models */,
				286503121BAB001900BB041D /* Main.storyboard */,
				286503151BAB001900BB041D /* Assets.xcassets */,
				286503171BAB001900BB041D /* LaunchScreen.storyboard */,
				2865031A1BAB001900BB041D /* Info.plist */,
				2865030E1BAB001900BB041D /* AppDelegate.swift */,
				2865033C1BAB019200BB041D /* URLsTableViewController.swift */,
				28738ED31BB1C6B60083D95F /* PageViewController.swift */,
				28B8C1B51C01BE2E000525FD /* DiffTableViewController.swift */,
				2865033E1BAB06A600BB041D /* URLAddTableViewController.swift */,
				286A42E51BC0C77E0065E647 /* Localizable.strings */,
			);
			path = WebNotificationsIOS;
			sourceTree = "<group>";
		};
		28738EC91BAFDFBC0083D95F /* Utils */ = {
			isa = PBXGroup;
			children = (
				28738ECA1BAFDFE60083D95F /* UrlHelper.swift */,
				28A64FD01BBC4E9A0007DF95 /* DBHelper.swift */,
				28B5F1021D4AF01500D36913 /* SKProductExtension.swift */,
				285B1BA01BBD3D4900BA3540 /* API.swift */,
				28286D031BFE37D80027A814 /* Diff.swift */,
				288E8C281BBEDDD00075DB56 /* Product.swift */,
				288E8C2A1BBEE9A90075DB56 /* Parse.swift */,
				288FDBCA1BE10842003BAA2C /* Notifaction.swift */,
			);
			name = Utils;
			sourceTree = "<group>";
		};
		28738ED51BB260610083D95F /* Frameworks */ = {
			isa = PBXGroup;
			children = (
				2858C7471BB7A856005D7543 /* Realm.framework */,
				2858C7481BB7A856005D7543 /* RealmSwift.framework */,
				2858C7451BB6CC89005D7543 /* StoreKit.framework */,
				28738EEC1BB261AF0083D95F /* libsqlite3.tbd */,
				28738EEA1BB2619B0083D95F /* libz.tbd */,
				28738EE81BB2617A0083D95F /* SystemConfiguration.framework */,
				28738EE41BB261650083D95F /* Security.framework */,
				28738EE21BB2615A0083D95F /* QuartzCore.framework */,
				28738EE01BB261500083D95F /* CoreLocation.framework */,
				28738EDE1BB261450083D95F /* CoreGraphics.framework */,
				28738EDC1BB2613A0083D95F /* CFNetwork.framework */,
				28738EDA1BB2612D0083D95F /* AudioToolbox.framework */,
				28738ED81BB260CE0083D95F /* Parse.framework */,
				28738ED61BB260C60083D95F /* Bolts.framework */,
				28738ED11BB06D4E0083D95F /* Ji.framework */,
				28738ECC1BB050330083D95F /* Alamofire.framework */,
				047A8E8DCA0BF2C04803D811 /* Pods_WebChecker.framework */,
				186920EBBCC916000BE391AC /* Pods_WebNotificationsIOSTests.framework */,
				62F87E711F643F398808F564 /* Pods_WebNotificationsIOSUITests.framework */,
				F64AFE6B2BB5A3BABEAA9302 /* Pods_WebChecker_WebNotificationsIOSTests.framework */,
				46791CEDD5D7EAC5CE7A9AEB /* Pods_WebChecker_WebNotificationsIOSUITests.framework */,
				FADC0E8278A4C404B0F9B98B /* Pods_WebChecker_WebCheckerTests.framework */,
				C6753F4CEAECB84AF309E4FF /* Pods_WebChecker_WebCheckerUITests.framework */,
				6AE5496B75FD0FAC4D75463C /* Pods_WebCheckerTests.framework */,
			);
			name = Frameworks;
			sourceTree = "<group>";
		};
		2875B94D1BAE820C0020A4C5 /* Models */ = {
			isa = PBXGroup;
			children = (
				285663601BFB8987003B147D /* Migration.swift */,
				2875B94B1BAE7EC20020A4C5 /* Page.swift */,
				28B480E21BB2D618006B257A /* User.swift */,
				2858C74B1BB83B1B005D7543 /* SecretKey.swift */,
			);
			name = Models;
			sourceTree = "<group>";
		};
		D8C29B154EAFABDA733EB5F2 /* Pods */ = {
			isa = PBXGroup;
			children = (
				B1BA96876C326A5B7A2549F4 /* Pods-WebChecker.debug.xcconfig */,
				3717335747C6921CEC56DD02 /* Pods-WebChecker.release.xcconfig */,
				2874FD53148B3A40663E2467 /* Pods-WebChecker-WebCheckerTests.debug.xcconfig */,
				82B2778CF404A9EC010D6700 /* Pods-WebChecker-WebCheckerTests.release.xcconfig */,
				BD21AEEFEE79DF1594088BAD /* Pods-WebCheckerTests.debug.xcconfig */,
				5D00D2B45F793BD129D5DB83 /* Pods-WebCheckerTests.release.xcconfig */,
			);
			name = Pods;
			sourceTree = "<group>";
		};
/* End PBXGroup section */

/* Begin PBXNativeTarget section */
		28469A481F65773F00375076 /* WebCheckerTests */ = {
			isa = PBXNativeTarget;
			buildConfigurationList = 28469A521F65774000375076 /* Build configuration list for PBXNativeTarget "WebCheckerTests" */;
			buildPhases = (
				E413A2F0095B393083DDBC4A /* [CP] Check Pods Manifest.lock */,
				28469A451F65773F00375076 /* Sources */,
				28469A461F65773F00375076 /* Frameworks */,
				28469A471F65773F00375076 /* Resources */,
				E0C8077E8CA23006D60F379F /* [CP] Embed Pods Frameworks */,
				6D630B1B9E082D287A75ECDF /* [CP] Copy Pods Resources */,
			);
			buildRules = (
			);
			dependencies = (
				28469A4F1F65774000375076 /* PBXTargetDependency */,
			);
			name = WebCheckerTests;
			productName = WebCheckerTests;
			productReference = 28469A491F65773F00375076 /* WebCheckerTests.xctest */;
			productType = "com.apple.product-type.bundle.unit-test";
		};
		2865030A1BAB001900BB041D /* WebChecker */ = {
			isa = PBXNativeTarget;
			buildConfigurationList = 286503331BAB001900BB041D /* Build configuration list for PBXNativeTarget "WebChecker" */;
			buildPhases = (
				16E338A3E1C790C45EE1C215 /* [CP] Check Pods Manifest.lock */,
				286503071BAB001900BB041D /* Sources */,
				286503081BAB001900BB041D /* Frameworks */,
				286503091BAB001900BB041D /* Resources */,
				28738ECF1BB050E60083D95F /* ShellScript */,
				DC25C096AADCC627106BEC9D /* [CP] Embed Pods Frameworks */,
				020EC3663D2EFB314357F71D /* [CP] Copy Pods Resources */,
				284EBC921DF13EDC008310F1 /* ShellScript */,
				28CFF6061E4A03EA00571C1A /* Run Script */,
			);
			buildRules = (
			);
			dependencies = (
			);
			name = WebChecker;
			productName = WebNotificationsIOS;
			productReference = 2865030B1BAB001900BB041D /* WebChecker.app */;
			productType = "com.apple.product-type.application";
		};
/* End PBXNativeTarget section */

/* Begin PBXProject section */
		286503031BAB001900BB041D /* Project object */ = {
			isa = PBXProject;
			attributes = {
				LastSwiftUpdateCheck = 0830;
				LastUpgradeCheck = 0820;
				ORGANIZATIONNAME = kaku;
				TargetAttributes = {
					28469A481F65773F00375076 = {
						CreatedOnToolsVersion = 8.3.3;
						ProvisioningStyle = Automatic;
						TestTargetID = 2865030A1BAB001900BB041D;
					};
					2865030A1BAB001900BB041D = {
						CreatedOnToolsVersion = 7.0;
						LastSwiftMigration = 0820;
						ProvisioningStyle = Automatic;
						SystemCapabilities = {
							com.apple.BackgroundModes = {
								enabled = 1;
							};
							com.apple.InAppPurchase = {
								enabled = 1;
							};
							com.apple.Push = {
								enabled = 1;
							};
						};
					};
				};
			};
			buildConfigurationList = 286503061BAB001900BB041D /* Build configuration list for PBXProject "WebNotificationsIOS" */;
			compatibilityVersion = "Xcode 8.0";
			developmentRegion = English;
			hasScannedForEncodings = 0;
			knownRegions = (
				en,
				Base,
				ja,
			);
			mainGroup = 286503021BAB001900BB041D;
			productRefGroup = 2865030C1BAB001900BB041D /* Products */;
			projectDirPath = "";
			projectRoot = "";
			targets = (
				2865030A1BAB001900BB041D /* WebChecker */,
				28469A481F65773F00375076 /* WebCheckerTests */,
			);
		};
/* End PBXProject section */

/* Begin PBXResourcesBuildPhase section */
		28469A471F65773F00375076 /* Resources */ = {
			isa = PBXResourcesBuildPhase;
			buildActionMask = 2147483647;
			files = (
			);
			runOnlyForDeploymentPostprocessing = 0;
		};
		286503091BAB001900BB041D /* Resources */ = {
			isa = PBXResourcesBuildPhase;
			buildActionMask = 2147483647;
			files = (
				286503191BAB001900BB041D /* LaunchScreen.storyboard in Resources */,
				286A42E31BC0C77E0065E647 /* Localizable.strings in Resources */,
				286503161BAB001900BB041D /* Assets.xcassets in Resources */,
				286503141BAB001900BB041D /* Main.storyboard in Resources */,
			);
			runOnlyForDeploymentPostprocessing = 0;
		};
/* End PBXResourcesBuildPhase section */

/* Begin PBXShellScriptBuildPhase section */
		020EC3663D2EFB314357F71D /* [CP] Copy Pods Resources */ = {
			isa = PBXShellScriptBuildPhase;
			buildActionMask = 2147483647;
			files = (
			);
			inputPaths = (
			);
			name = "[CP] Copy Pods Resources";
			outputPaths = (
			);
			runOnlyForDeploymentPostprocessing = 0;
			shellPath = /bin/sh;
			shellScript = "\"${SRCROOT}/Pods/Target Support Files/Pods-WebChecker/Pods-WebChecker-resources.sh\"\n";
			showEnvVarsInLog = 0;
		};
		16E338A3E1C790C45EE1C215 /* [CP] Check Pods Manifest.lock */ = {
			isa = PBXShellScriptBuildPhase;
			buildActionMask = 2147483647;
			files = (
			);
			inputPaths = (
				"${PODS_PODFILE_DIR_PATH}/Podfile.lock",
				"${PODS_ROOT}/Manifest.lock",
			);
			name = "[CP] Check Pods Manifest.lock";
			outputPaths = (
				"$(DERIVED_FILE_DIR)/Pods-WebChecker-checkManifestLockResult.txt",
			);
			runOnlyForDeploymentPostprocessing = 0;
			shellPath = /bin/sh;
			shellScript = "diff \"${PODS_PODFILE_DIR_PATH}/Podfile.lock\" \"${PODS_ROOT}/Manifest.lock\" > /dev/null\nif [ $? != 0 ] ; then\n    # print error to STDERR\n    echo \"error: The sandbox is not in sync with the Podfile.lock. Run 'pod install' or update your CocoaPods installation.\" >&2\n    exit 1\nfi\n# This output is used by Xcode 'outputs' to avoid re-running this script phase.\necho \"SUCCESS\" > \"${SCRIPT_OUTPUT_FILE_0}\"\n";
			showEnvVarsInLog = 0;
		};
		284EBC921DF13EDC008310F1 /* ShellScript */ = {
			isa = PBXShellScriptBuildPhase;
			buildActionMask = 2147483647;
			files = (
			);
			inputPaths = (
			);
			outputPaths = (
			);
			runOnlyForDeploymentPostprocessing = 0;
			shellPath = /bin/sh;
			shellScript = "\"${PODS_ROOT}/Fabric/run\" 814c79a53c4c60444707549a47bff71458896f84 fe1502fea4e4426955d0ac431db137c7d455b4338f0e2487671fbe802efa3be9";
		};
		28738ECF1BB050E60083D95F /* ShellScript */ = {
			isa = PBXShellScriptBuildPhase;
			buildActionMask = 2147483647;
			files = (
			);
			inputPaths = (
			);
			outputPaths = (
			);
			runOnlyForDeploymentPostprocessing = 0;
			shellPath = /bin/sh;
			shellScript = "";
		};
		28CFF6061E4A03EA00571C1A /* Run Script */ = {
			isa = PBXShellScriptBuildPhase;
			buildActionMask = 2147483647;
			files = (
			);
			inputPaths = (
			);
			name = "Run Script";
			outputPaths = (
			);
			runOnlyForDeploymentPostprocessing = 0;
			shellPath = /bin/sh;
			shellScript = "\"${PODS_ROOT}/SwiftLint/swiftlint\"";
		};
		6D630B1B9E082D287A75ECDF /* [CP] Copy Pods Resources */ = {
			isa = PBXShellScriptBuildPhase;
			buildActionMask = 2147483647;
			files = (
			);
			inputPaths = (
			);
			name = "[CP] Copy Pods Resources";
			outputPaths = (
			);
			runOnlyForDeploymentPostprocessing = 0;
			shellPath = /bin/sh;
			shellScript = "\"${SRCROOT}/Pods/Target Support Files/Pods-WebCheckerTests/Pods-WebCheckerTests-resources.sh\"\n";
			showEnvVarsInLog = 0;
		};
		DC25C096AADCC627106BEC9D /* [CP] Embed Pods Frameworks */ = {
			isa = PBXShellScriptBuildPhase;
			buildActionMask = 2147483647;
			files = (
			);
			inputPaths = (
				"${SRCROOT}/Pods/Target Support Files/Pods-WebChecker/Pods-WebChecker-frameworks.sh",
				"${BUILT_PRODUCTS_DIR}/AWSCore/AWSCore.framework",
				"${BUILT_PRODUCTS_DIR}/AWSSNS/AWSSNS.framework",
				"${BUILT_PRODUCTS_DIR}/Alamofire/Alamofire.framework",
				"${BUILT_PRODUCTS_DIR}/Flurry-iOS-SDK/Flurry_iOS_SDK.framework",
				"${BUILT_PRODUCTS_DIR}/Ji/Ji.framework",
				"${BUILT_PRODUCTS_DIR}/Realm/Realm.framework",
				"${BUILT_PRODUCTS_DIR}/RealmSwift/RealmSwift.framework",
				"${BUILT_PRODUCTS_DIR}/SwiftyStoreKit/SwiftyStoreKit.framework",
			);
			name = "[CP] Embed Pods Frameworks";
			outputPaths = (
				"${TARGET_BUILD_DIR}/${FRAMEWORKS_FOLDER_PATH}/AWSCore.framework",
				"${TARGET_BUILD_DIR}/${FRAMEWORKS_FOLDER_PATH}/AWSSNS.framework",
				"${TARGET_BUILD_DIR}/${FRAMEWORKS_FOLDER_PATH}/Alamofire.framework",
				"${TARGET_BUILD_DIR}/${FRAMEWORKS_FOLDER_PATH}/Flurry_iOS_SDK.framework",
				"${TARGET_BUILD_DIR}/${FRAMEWORKS_FOLDER_PATH}/Ji.framework",
				"${TARGET_BUILD_DIR}/${FRAMEWORKS_FOLDER_PATH}/Realm.framework",
				"${TARGET_BUILD_DIR}/${FRAMEWORKS_FOLDER_PATH}/RealmSwift.framework",
				"${TARGET_BUILD_DIR}/${FRAMEWORKS_FOLDER_PATH}/SwiftyStoreKit.framework",
			);
			runOnlyForDeploymentPostprocessing = 0;
			shellPath = /bin/sh;
			shellScript = "\"${SRCROOT}/Pods/Target Support Files/Pods-WebChecker/Pods-WebChecker-frameworks.sh\"\n";
			showEnvVarsInLog = 0;
		};
		E0C8077E8CA23006D60F379F /* [CP] Embed Pods Frameworks */ = {
			isa = PBXShellScriptBuildPhase;
			buildActionMask = 2147483647;
			files = (
			);
			inputPaths = (
				"${SRCROOT}/Pods/Target Support Files/Pods-WebChecker-WebCheckerTests/Pods-WebChecker-WebCheckerTests-frameworks.sh",
				"${BUILT_PRODUCTS_DIR}/AWSCore/AWSCore.framework",
				"${BUILT_PRODUCTS_DIR}/AWSSNS/AWSSNS.framework",
				"${BUILT_PRODUCTS_DIR}/Alamofire/Alamofire.framework",
				"${BUILT_PRODUCTS_DIR}/Flurry-iOS-SDK/Flurry_iOS_SDK.framework",
				"${BUILT_PRODUCTS_DIR}/Ji/Ji.framework",
				"${BUILT_PRODUCTS_DIR}/Realm/Realm.framework",
				"${BUILT_PRODUCTS_DIR}/RealmSwift/RealmSwift.framework",
				"${BUILT_PRODUCTS_DIR}/SwiftyStoreKit/SwiftyStoreKit.framework",
			);
			name = "[CP] Embed Pods Frameworks";
			outputPaths = (
				"${TARGET_BUILD_DIR}/${FRAMEWORKS_FOLDER_PATH}/AWSCore.framework",
				"${TARGET_BUILD_DIR}/${FRAMEWORKS_FOLDER_PATH}/AWSSNS.framework",
				"${TARGET_BUILD_DIR}/${FRAMEWORKS_FOLDER_PATH}/Alamofire.framework",
				"${TARGET_BUILD_DIR}/${FRAMEWORKS_FOLDER_PATH}/Flurry_iOS_SDK.framework",
				"${TARGET_BUILD_DIR}/${FRAMEWORKS_FOLDER_PATH}/Ji.framework",
				"${TARGET_BUILD_DIR}/${FRAMEWORKS_FOLDER_PATH}/Realm.framework",
				"${TARGET_BUILD_DIR}/${FRAMEWORKS_FOLDER_PATH}/RealmSwift.framework",
				"${TARGET_BUILD_DIR}/${FRAMEWORKS_FOLDER_PATH}/SwiftyStoreKit.framework",
			);
			runOnlyForDeploymentPostprocessing = 0;
			shellPath = /bin/sh;
			shellScript = "\"${SRCROOT}/Pods/Target Support Files/Pods-WebCheckerTests/Pods-WebCheckerTests-frameworks.sh\"\n";
			showEnvVarsInLog = 0;
		};
		E413A2F0095B393083DDBC4A /* [CP] Check Pods Manifest.lock */ = {
			isa = PBXShellScriptBuildPhase;
			buildActionMask = 2147483647;
			files = (
			);
			inputPaths = (
				"${PODS_PODFILE_DIR_PATH}/Podfile.lock",
				"${PODS_ROOT}/Manifest.lock",
			);
			name = "[CP] Check Pods Manifest.lock";
			outputPaths = (
				"$(DERIVED_FILE_DIR)/Pods-WebCheckerTests-checkManifestLockResult.txt",
			);
			runOnlyForDeploymentPostprocessing = 0;
			shellPath = /bin/sh;
			shellScript = "diff \"${PODS_PODFILE_DIR_PATH}/Podfile.lock\" \"${PODS_ROOT}/Manifest.lock\" > /dev/null\nif [ $? != 0 ] ; then\n    # print error to STDERR\n    echo \"error: The sandbox is not in sync with the Podfile.lock. Run 'pod install' or update your CocoaPods installation.\" >&2\n    exit 1\nfi\n# This output is used by Xcode 'outputs' to avoid re-running this script phase.\necho \"SUCCESS\" > \"${SCRIPT_OUTPUT_FILE_0}\"\n";
			showEnvVarsInLog = 0;
		};
/* End PBXShellScriptBuildPhase section */

/* Begin PBXSourcesBuildPhase section */
		28469A451F65773F00375076 /* Sources */ = {
			isa = PBXSourcesBuildPhase;
			buildActionMask = 2147483647;
			files = (
				28469A4C1F65774000375076 /* WebCheckerTests.swift in Sources */,
				28469A561F65864D00375076 /* UrlHelperTests.swift in Sources */,
			);
			runOnlyForDeploymentPostprocessing = 0;
		};
		286503071BAB001900BB041D /* Sources */ = {
			isa = PBXSourcesBuildPhase;
			buildActionMask = 2147483647;
			files = (
				2865033F1BAB06A600BB041D /* URLAddTableViewController.swift in Sources */,
				288E8C2B1BBEE9A90075DB56 /* Parse.swift in Sources */,
				2858C74C1BB83B1B005D7543 /* SecretKey.swift in Sources */,
				2865033D1BAB019200BB041D /* URLsTableViewController.swift in Sources */,
				28738ECB1BAFDFE60083D95F /* UrlHelper.swift in Sources */,
				28B5F1031D4AF01500D36913 /* SKProductExtension.swift in Sources */,
				285B1BA11BBD3D4900BA3540 /* API.swift in Sources */,
				288E8C291BBEDDD00075DB56 /* Product.swift in Sources */,
				28A64FD11BBC4E9A0007DF95 /* DBHelper.swift in Sources */,
				28738ED41BB1C6B60083D95F /* PageViewController.swift in Sources */,
				288FDBCB1BE10842003BAA2C /* Notifaction.swift in Sources */,
				28B8C1B61C01BE2E000525FD /* DiffTableViewController.swift in Sources */,
				2875B94C1BAE7EC20020A4C5 /* Page.swift in Sources */,
				285663611BFB8987003B147D /* Migration.swift in Sources */,
				28286D041BFE37D80027A814 /* Diff.swift in Sources */,
				28DC6A881E0434CF00BB5826 /* AppDelegate.swift in Sources */,
				28B480E31BB2D618006B257A /* User.swift in Sources */,
			);
			runOnlyForDeploymentPostprocessing = 0;
		};
/* End PBXSourcesBuildPhase section */

/* Begin PBXTargetDependency section */
		28469A4F1F65774000375076 /* PBXTargetDependency */ = {
			isa = PBXTargetDependency;
			target = 2865030A1BAB001900BB041D /* WebChecker */;
			targetProxy = 28469A4E1F65774000375076 /* PBXContainerItemProxy */;
		};
/* End PBXTargetDependency section */

/* Begin PBXVariantGroup section */
		286503121BAB001900BB041D /* Main.storyboard */ = {
			isa = PBXVariantGroup;
			children = (
				286503131BAB001900BB041D /* Base */,
				28B8C1BC1C01F8AD000525FD /* en */,
				28B8C1BE1C01F8B0000525FD /* ja */,
			);
			name = Main.storyboard;
			sourceTree = "<group>";
		};
		286503171BAB001900BB041D /* LaunchScreen.storyboard */ = {
			isa = PBXVariantGroup;
			children = (
				286503181BAB001900BB041D /* Base */,
				28ED127B1BB982730046F6BF /* ja */,
			);
			name = LaunchScreen.storyboard;
			sourceTree = "<group>";
		};
		286A42E51BC0C77E0065E647 /* Localizable.strings */ = {
			isa = PBXVariantGroup;
			children = (
				286A42E41BC0C77E0065E647 /* ja */,
				286A42E71BC0C7AD0065E647 /* en */,
			);
			name = Localizable.strings;
			sourceTree = "<group>";
		};
/* End PBXVariantGroup section */

/* Begin XCBuildConfiguration section */
		28469A501F65774000375076 /* Debug */ = {
			isa = XCBuildConfiguration;
			baseConfigurationReference = BD21AEEFEE79DF1594088BAD /* Pods-WebCheckerTests.debug.xcconfig */;
			buildSettings = {
				BUNDLE_LOADER = "$(TEST_HOST)";
				CLANG_ANALYZER_NONNULL = YES;
				CLANG_ANALYZER_NUMBER_OBJECT_CONVERSION = YES_AGGRESSIVE;
				CLANG_WARN_DOCUMENTATION_COMMENTS = YES;
				"CODE_SIGN_IDENTITY[sdk=iphoneos*]" = "iPhone Developer";
				DEBUG_INFORMATION_FORMAT = dwarf;
				DEVELOPMENT_TEAM = D38TAEJ8G7;
				INFOPLIST_FILE = WebCheckerTests/Info.plist;
				IPHONEOS_DEPLOYMENT_TARGET = 10.3;
				LD_RUNPATH_SEARCH_PATHS = "$(inherited) @executable_path/Frameworks @loader_path/Frameworks";
				PRODUCT_BUNDLE_IDENTIFIER = com.webupdatenotification.WebCheckerTests;
				PRODUCT_NAME = "$(TARGET_NAME)";
				SWIFT_ACTIVE_COMPILATION_CONDITIONS = DEBUG;
				SWIFT_VERSION = 3.0;
				TEST_HOST = "$(BUILT_PRODUCTS_DIR)/WebChecker.app/WebChecker";
			};
			name = Debug;
		};
		28469A511F65774000375076 /* Release */ = {
			isa = XCBuildConfiguration;
			baseConfigurationReference = 5D00D2B45F793BD129D5DB83 /* Pods-WebCheckerTests.release.xcconfig */;
			buildSettings = {
				BUNDLE_LOADER = "$(TEST_HOST)";
				CLANG_ANALYZER_NONNULL = YES;
				CLANG_ANALYZER_NUMBER_OBJECT_CONVERSION = YES_AGGRESSIVE;
				CLANG_WARN_DOCUMENTATION_COMMENTS = YES;
				"CODE_SIGN_IDENTITY[sdk=iphoneos*]" = "iPhone Developer";
				DEVELOPMENT_TEAM = D38TAEJ8G7;
				INFOPLIST_FILE = WebCheckerTests/Info.plist;
				IPHONEOS_DEPLOYMENT_TARGET = 10.3;
				LD_RUNPATH_SEARCH_PATHS = "$(inherited) @executable_path/Frameworks @loader_path/Frameworks";
				PRODUCT_BUNDLE_IDENTIFIER = com.webupdatenotification.WebCheckerTests;
				PRODUCT_NAME = "$(TARGET_NAME)";
				SWIFT_VERSION = 3.0;
				TEST_HOST = "$(BUILT_PRODUCTS_DIR)/WebChecker.app/WebChecker";
			};
			name = Release;
		};
		286503311BAB001900BB041D /* Debug */ = {
			isa = XCBuildConfiguration;
			buildSettings = {
				ALWAYS_SEARCH_USER_PATHS = NO;
				CLANG_ANALYZER_LOCALIZABILITY_NONLOCALIZED = YES;
				CLANG_CXX_LANGUAGE_STANDARD = "gnu++0x";
				CLANG_CXX_LIBRARY = "libc++";
				CLANG_ENABLE_MODULES = YES;
				CLANG_ENABLE_OBJC_ARC = YES;
				CLANG_WARN_BOOL_CONVERSION = YES;
				CLANG_WARN_CONSTANT_CONVERSION = YES;
				CLANG_WARN_DIRECT_OBJC_ISA_USAGE = YES_ERROR;
				CLANG_WARN_EMPTY_BODY = YES;
				CLANG_WARN_ENUM_CONVERSION = YES;
				CLANG_WARN_INFINITE_RECURSION = YES;
				CLANG_WARN_INT_CONVERSION = YES;
				CLANG_WARN_OBJC_ROOT_CLASS = YES_ERROR;
				CLANG_WARN_SUSPICIOUS_MOVE = YES;
				CLANG_WARN_UNREACHABLE_CODE = YES;
				CLANG_WARN__DUPLICATE_METHOD_MATCH = YES;
				COPY_PHASE_STRIP = NO;
				DEBUG_INFORMATION_FORMAT = "dwarf-with-dsym";
				DEFINES_MODULE = YES;
				ENABLE_STRICT_OBJC_MSGSEND = YES;
				ENABLE_TESTABILITY = YES;
				GCC_C_LANGUAGE_STANDARD = gnu99;
				GCC_DYNAMIC_NO_PIC = NO;
				GCC_NO_COMMON_BLOCKS = YES;
				GCC_OPTIMIZATION_LEVEL = 0;
				GCC_PREPROCESSOR_DEFINITIONS = (
					"DEBUG=1",
					"$(inherited)",
				);
				GCC_WARN_64_TO_32_BIT_CONVERSION = YES;
				GCC_WARN_ABOUT_RETURN_TYPE = YES_ERROR;
				GCC_WARN_UNDECLARED_SELECTOR = YES;
				GCC_WARN_UNINITIALIZED_AUTOS = YES_AGGRESSIVE;
				GCC_WARN_UNUSED_FUNCTION = YES;
				GCC_WARN_UNUSED_VARIABLE = YES;
				IPHONEOS_DEPLOYMENT_TARGET = 8.0;
				MTL_ENABLE_DEBUG_INFO = YES;
				ONLY_ACTIVE_ARCH = YES;
				SDKROOT = iphoneos;
				SWIFT_OPTIMIZATION_LEVEL = "-Onone";
				SWIFT_VERSION = 3.0.1;
			};
			name = Debug;
		};
		286503321BAB001900BB041D /* Release */ = {
			isa = XCBuildConfiguration;
			buildSettings = {
				ALWAYS_SEARCH_USER_PATHS = NO;
				CLANG_ANALYZER_LOCALIZABILITY_NONLOCALIZED = YES;
				CLANG_CXX_LANGUAGE_STANDARD = "gnu++0x";
				CLANG_CXX_LIBRARY = "libc++";
				CLANG_ENABLE_MODULES = YES;
				CLANG_ENABLE_OBJC_ARC = YES;
				CLANG_WARN_BOOL_CONVERSION = YES;
				CLANG_WARN_CONSTANT_CONVERSION = YES;
				CLANG_WARN_DIRECT_OBJC_ISA_USAGE = YES_ERROR;
				CLANG_WARN_EMPTY_BODY = YES;
				CLANG_WARN_ENUM_CONVERSION = YES;
				CLANG_WARN_INFINITE_RECURSION = YES;
				CLANG_WARN_INT_CONVERSION = YES;
				CLANG_WARN_OBJC_ROOT_CLASS = YES_ERROR;
				CLANG_WARN_SUSPICIOUS_MOVE = YES;
				CLANG_WARN_UNREACHABLE_CODE = YES;
				CLANG_WARN__DUPLICATE_METHOD_MATCH = YES;
				COPY_PHASE_STRIP = NO;
				DEBUG_INFORMATION_FORMAT = "dwarf-with-dsym";
				DEFINES_MODULE = YES;
				ENABLE_NS_ASSERTIONS = NO;
				ENABLE_STRICT_OBJC_MSGSEND = YES;
				GCC_C_LANGUAGE_STANDARD = gnu99;
				GCC_NO_COMMON_BLOCKS = YES;
				GCC_WARN_64_TO_32_BIT_CONVERSION = YES;
				GCC_WARN_ABOUT_RETURN_TYPE = YES_ERROR;
				GCC_WARN_UNDECLARED_SELECTOR = YES;
				GCC_WARN_UNINITIALIZED_AUTOS = YES_AGGRESSIVE;
				GCC_WARN_UNUSED_FUNCTION = YES;
				GCC_WARN_UNUSED_VARIABLE = YES;
				IPHONEOS_DEPLOYMENT_TARGET = 8.0;
				MTL_ENABLE_DEBUG_INFO = NO;
				SDKROOT = iphoneos;
				SWIFT_OPTIMIZATION_LEVEL = "-Owholemodule";
				SWIFT_VERSION = 3.0.1;
				VALIDATE_PRODUCT = YES;
			};
			name = Release;
		};
		286503341BAB001900BB041D /* Debug */ = {
			isa = XCBuildConfiguration;
			baseConfigurationReference = B1BA96876C326A5B7A2549F4 /* Pods-WebChecker.debug.xcconfig */;
			buildSettings = {
				ALWAYS_EMBED_SWIFT_STANDARD_LIBRARIES = YES;
				ASSETCATALOG_COMPILER_APPICON_NAME = AppIcon;
				CODE_SIGN_ENTITLEMENTS = WebChecker.entitlements;
				"CODE_SIGN_IDENTITY[sdk=iphoneos*]" = "iPhone Developer";
				DEVELOPMENT_TEAM = D38TAEJ8G7;
				FRAMEWORK_SEARCH_PATHS = (
					"$(inherited)",
					"$(PROJECT_DIR)",
				);
				INFOPLIST_FILE = WebNotificationsIOS/Info.plist;
				LD_RUNPATH_SEARCH_PATHS = "$(inherited) @executable_path/Frameworks";
				LIBRARY_SEARCH_PATHS = "$(inherited)";
				PRODUCT_BUNDLE_IDENTIFIER = com.webupdatenotification;
				PRODUCT_NAME = "$(TARGET_NAME)";
				SWIFT_INSTALL_OBJC_HEADER = YES;
				SWIFT_OBJC_BRIDGING_HEADER = "";
				SWIFT_VERSION = 3.0;
			};
			name = Debug;
		};
		286503351BAB001900BB041D /* Release */ = {
			isa = XCBuildConfiguration;
			baseConfigurationReference = 3717335747C6921CEC56DD02 /* Pods-WebChecker.release.xcconfig */;
			buildSettings = {
				ALWAYS_EMBED_SWIFT_STANDARD_LIBRARIES = YES;
				ASSETCATALOG_COMPILER_APPICON_NAME = AppIcon;
				CODE_SIGN_ENTITLEMENTS = WebChecker.entitlements;
				"CODE_SIGN_IDENTITY[sdk=iphoneos*]" = "iPhone Developer";
				DEVELOPMENT_TEAM = D38TAEJ8G7;
				FRAMEWORK_SEARCH_PATHS = (
					"$(inherited)",
					"$(PROJECT_DIR)",
				);
				INFOPLIST_FILE = WebNotificationsIOS/Info.plist;
				LD_RUNPATH_SEARCH_PATHS = "$(inherited) @executable_path/Frameworks";
				LIBRARY_SEARCH_PATHS = "$(inherited)";
				PRODUCT_BUNDLE_IDENTIFIER = com.webupdatenotification;
				PRODUCT_NAME = "$(TARGET_NAME)";
				SWIFT_INSTALL_OBJC_HEADER = YES;
				SWIFT_OBJC_BRIDGING_HEADER = "";
				SWIFT_VERSION = 3.0;
			};
			name = Release;
		};
/* End XCBuildConfiguration section */

/* Begin XCConfigurationList section */
		28469A521F65774000375076 /* Build configuration list for PBXNativeTarget "WebCheckerTests" */ = {
			isa = XCConfigurationList;
			buildConfigurations = (
				28469A501F65774000375076 /* Debug */,
				28469A511F65774000375076 /* Release */,
			);
			defaultConfigurationIsVisible = 0;
			defaultConfigurationName = Release;
		};
		286503061BAB001900BB041D /* Build configuration list for PBXProject "WebNotificationsIOS" */ = {
			isa = XCConfigurationList;
			buildConfigurations = (
				286503311BAB001900BB041D /* Debug */,
				286503321BAB001900BB041D /* Release */,
			);
			defaultConfigurationIsVisible = 0;
			defaultConfigurationName = Release;
		};
		286503331BAB001900BB041D /* Build configuration list for PBXNativeTarget "WebChecker" */ = {
			isa = XCConfigurationList;
			buildConfigurations = (
				286503341BAB001900BB041D /* Debug */,
				286503351BAB001900BB041D /* Release */,
			);
			defaultConfigurationIsVisible = 0;
			defaultConfigurationName = Release;
		};
/* End XCConfigurationList section */
	};
	rootObject = 286503031BAB001900BB041D /* Project object */;
}
